
Microsoft Visual Studio Solution File, Format Version 12.00
# Visual Studio Version 17
VisualStudioVersion = 17.0.31611.283
MinimumVisualStudioVersion = 10.0.40219.1
Project("{9A19103F-16F7-4668-BE54-9A1E7A4F7556}") = "TagTool.App", "TagTool.App\TagTool.App.csproj", "{ABCB7804-197B-4702-A081-D4303C8A10EA}"
EndProject
Project("{2150E333-8FDC-42A3-9474-1A3956D46DE8}") = "SolutionItems", "SolutionItems", "{436C84DA-F20B-4E41-8630-E5689B112C09}"
	ProjectSection(SolutionItems) = preProject
		.editorconfig = .editorconfig
		.gitignore = .gitignore
		README.md = README.md
	EndProjectSection
EndProject
Global
	GlobalSection(SolutionConfigurationPlatforms) = preSolution
		Debug|Any CPU = Debug|Any CPU
		Release|Any CPU = Release|Any CPU
	EndGlobalSection
	GlobalSection(ProjectConfigurationPlatforms) = postSolution
		{ABCB7804-197B-4702-A081-D4303C8A10EA}.Debug|Any CPU.ActiveCfg = Debug|Any CPU
		{ABCB7804-197B-4702-A081-D4303C8A10EA}.Debug|Any CPU.Build.0 = Debug|Any CPU
		{ABCB7804-197B-4702-A081-D4303C8A10EA}.Debug|Any CPU.Deploy.0 = Debug|Any CPU
		{ABCB7804-197B-4702-A081-D4303C8A10EA}.Release|Any CPU.ActiveCfg = Release|Any CPU
		{ABCB7804-197B-4702-A081-D4303C8A10EA}.Release|Any CPU.Build.0 = Release|Any CPU
		{ABCB7804-197B-4702-A081-D4303C8A10EA}.Release|Any CPU.Deploy.0 = Release|Any CPU
	EndGlobalSection
	GlobalSection(SolutionProperties) = preSolution
		HideSolutionNode = FALSE
	EndGlobalSection
	GlobalSection(ExtensibilityGlobals) = postSolution
		SolutionGuid = {61F7FB11-1E47-470C-91E2-47F8143E1572}
	EndGlobalSection
EndGlobal
